
Microsoft Visual Studio Solution File, Format Version 12.00
# Visual Studio 15
VisualStudioVersion = 15.0.35026.233
MinimumVisualStudioVersion = 10.0.40219.1
Project("{FAE04EC0-301F-11D3-BF4B-00C04F79EFBC}") = "jenkinsnew1", "jenkinsnew1\jenkinsnew1.csproj", "{7AAA77DD-2D31-4DBB-860A-3F235E415C43}"
EndProject
Global
	GlobalSection(SolutionConfigurationPlatforms) = preSolution
		Debug|Any CPU = Debug|Any CPU
		Release|Any CPU = Release|Any CPU
	EndGlobalSection
	GlobalSection(ProjectConfigurationPlatforms) = postSolution
		{7AAA77DD-2D31-4DBB-860A-3F235E415C43}.Debug|Any CPU.ActiveCfg = Debug|Any CPU
		{7AAA77DD-2D31-4DBB-860A-3F235E415C43}.Debug|Any CPU.Build.0 = Debug|Any CPU
		{7AAA77DD-2D31-4DBB-860A-3F235E415C43}.Release|Any CPU.ActiveCfg = Release|Any CPU
		{7AAA77DD-2D31-4DBB-860A-3F235E415C43}.Release|Any CPU.Build.0 = Release|Any CPU
	EndGlobalSection
	GlobalSection(SolutionProperties) = preSolution
		HideSolutionNode = FALSE
	EndGlobalSection
	GlobalSection(ExtensibilityGlobals) = postSolution
		SolutionGuid = {3AA19890-8C82-49BB-8818-B911E32E26D6}
	EndGlobalSection
EndGlobal
