
Microsoft Visual Studio Solution File, Format Version 12.00
# Visual Studio 15
VisualStudioVersion = 15.0.35026.233
MinimumVisualStudioVersion = 10.0.40219.1
Project("{FAE04EC0-301F-11D3-BF4B-00C04F79EFBC}") = "WebApplication1", "WebApplication1\WebApplication1.csproj", "{940F529A-F452-48F5-B80E-F97E5D65FA01}"
EndProject
Global
	GlobalSection(SolutionConfigurationPlatforms) = preSolution
		Debug|Any CPU = Debug|Any CPU
		Release|Any CPU = Release|Any CPU
	EndGlobalSection
	GlobalSection(ProjectConfigurationPlatforms) = postSolution
		{940F529A-F452-48F5-B80E-F97E5D65FA01}.Debug|Any CPU.ActiveCfg = Debug|Any CPU
		{940F529A-F452-48F5-B80E-F97E5D65FA01}.Debug|Any CPU.Build.0 = Debug|Any CPU
		{940F529A-F452-48F5-B80E-F97E5D65FA01}.Release|Any CPU.ActiveCfg = Release|Any CPU
		{940F529A-F452-48F5-B80E-F97E5D65FA01}.Release|Any CPU.Build.0 = Release|Any CPU
	EndGlobalSection
	GlobalSection(SolutionProperties) = preSolution
		HideSolutionNode = FALSE
	EndGlobalSection
	GlobalSection(ExtensibilityGlobals) = postSolution
		SolutionGuid = {10B8B7C1-2CAA-4D28-A803-E37BEA7B95EF}
	EndGlobalSection
EndGlobal
